{
  "name": "Bilmatic5",
  "lockfileVersion": 3,
  "requires": true,
  "packages": {
    "": {
      "dependencies": {
        "ag-grid-community": "^32.3.3",
        "ag-grid-enterprise": "^32.3.3",
        "ag-grid-react": "^32.3.3"
      }
    },
    "node_modules/ag-charts-community": {
      "version": "10.3.3",
      "resolved": "https://registry.npmjs.org/ag-charts-community/-/ag-charts-community-10.3.3.tgz",
      "integrity": "sha512-LUlbVS+4sX1UHqZNuE9m3LISr7D4FEO/Y88fwit1fYPTk2l1ZJG/82gFnm5bQ+iG4QgNIwRa2TWm7w2MLnyJlA==",
      "license": "MIT",
      "dependencies": {
        "ag-charts-locale": "10.3.3",
        "ag-charts-types": "10.3.3"
      }
    },
    "node_modules/ag-charts-locale": {
      "version": "10.3.3",
      "resolved": "https://registry.npmjs.org/ag-charts-locale/-/ag-charts-locale-10.3.3.tgz",
      "integrity": "sha512-+ZAQYhkFHbdEwLYP1jZeF44X/8wwSH6SNiTykEIIk6EUuP6mm45X2YfQ0bvyekTkEJlLvFspvRQ+C6mspwLx4w==",
      "license": "MIT"
    },
    "node_modules/ag-charts-types": {
      "version": "10.3.3",
      "resolved": "https://registry.npmjs.org/ag-charts-types/-/ag-charts-types-10.3.3.tgz",
      "integrity": "sha512-8rmyquaTkwfP4Lzei/W/cbkq9wwEl8+grIo3z97mtxrMIXh9sHJK1oJipd/u08MmBZrca5Jjtn5F1+UNPu/4fQ==",
      "license": "MIT"
    },
    "node_modules/ag-grid-community": {
      "version": "32.3.3",
      "resolved": "https://registry.npmjs.org/ag-grid-community/-/ag-grid-community-32.3.3.tgz",
      "integrity": "sha512-KhSJ3B6mwRFA4cLjNjOZkDndJBh8o83794ZHl4Q7xP9MJf43oCN9qoZ8pyBanohgpVfLcP0scYYCr9xIlzjdiA==",
      "license": "MIT",
      "dependencies": {
        "ag-charts-types": "10.3.3"
      }
    },
    "node_modules/ag-grid-enterprise": {
      "version": "32.3.3",
      "resolved": "https://registry.npmjs.org/ag-grid-enterprise/-/ag-grid-enterprise-32.3.3.tgz",
      "integrity": "sha512-Seb3ha74qiTUXznL/Xzu948jsEfrYx/ndkds2l0LrQBRUK1gV6O8IkHfTTfvoWZQf+Za6RNgOjiy9GdxO0YDfQ==",
      "license": "Commercial",
      "dependencies": {
        "ag-charts-community": "10.3.3",
        "ag-grid-community": "32.3.3"
      }
    },
    "node_modules/ag-grid-react": {
      "version": "32.3.3",
      "resolved": "https://registry.npmjs.org/ag-grid-react/-/ag-grid-react-32.3.3.tgz",
      "integrity": "sha512-0u6oYoSHf7P2eRgK8FtnXix+bW8hcbiGXhYhg+UpYJHNlKug+spNqjGSzX43f70AZ2QpOBLsL7Bz2FPsadv3HA==",
      "license": "MIT",
      "dependencies": {
        "ag-grid-community": "32.3.3",
        "prop-types": "^15.8.1"
      },
      "peerDependencies": {
        "react": "^16.8.0 || ^17.0.0 || ^18.0.0 || ^19.0.0",
        "react-dom": "^16.8.0 || ^17.0.0 || ^18.0.0 || ^19.0.0"
      }
    },
    "node_modules/js-tokens": {
      "version": "4.0.0",
      "resolved": "https://registry.npmjs.org/js-tokens/-/js-tokens-4.0.0.tgz",
      "integrity": "sha512-RdJUflcE3cUzKiMqQgsCu06FPu9UdIJO0beYbPhHN4k6apgJtifcoCtT9bcxOpYBtpD2kCM6Sbzg4CausW/PKQ==",
      "license": "MIT"
    },
    "node_modules/loose-envify": {
      "version": "1.4.0",
      "resolved": "https://registry.npmjs.org/loose-envify/-/loose-envify-1.4.0.tgz",
      "integrity": "sha512-lyuxPGr/Wfhrlem2CL/UcnUc1zcqKAImBDzukY7Y5F/yQiNdko6+fRLevlw1HgMySw7f611UIY408EtxRSoK3Q==",
      "license": "MIT",
      "dependencies": {
        "js-tokens": "^3.0.0 || ^4.0.0"
      },
      "bin": {
        "loose-envify": "cli.js"
      }
    },
    "node_modules/object-assign": {
      "version": "4.1.1",
      "resolved": "https://registry.npmjs.org/object-assign/-/object-assign-4.1.1.tgz",
      "integrity": "sha512-rJgTQnkUnH1sFw8yT6VSU3zD3sWmu6sZhIseY8VX+GRu3P6F7Fu+JNDoXfklElbLJSnc3FUQHVe4cU5hj+BcUg==",
      "license": "MIT",
      "engines": {
        "node": ">=0.10.0"
      }
    },
    "node_modules/prop-types": {
      "version": "15.8.1",
      "resolved": "https://registry.npmjs.org/prop-types/-/prop-types-15.8.1.tgz",
      "integrity": "sha512-oj87CgZICdulUohogVAR7AjlC0327U4el4L6eAvOqCeudMDVU0NThNaV+b9Df4dXgSP1gXMTnPdhfe/2qDH5cg==",
      "license": "MIT",
      "dependencies": {
        "loose-envify": "^1.4.0",
        "object-assign": "^4.1.1",
        "react-is": "^16.13.1"
      }
    },
    "node_modules/react": {
      "version": "19.0.0",
      "resolved": "https://registry.npmjs.org/react/-/react-19.0.0.tgz",
      "integrity": "sha512-V8AVnmPIICiWpGfm6GLzCR/W5FXLchHop40W4nXBmdlEceh16rCN8O8LNWm5bh5XUX91fh7KpA+W0TgMKmgTpQ==",
      "license": "MIT",
      "peer": true,
      "engines": {
        "node": ">=0.10.0"
      }
    },
    "node_modules/react-dom": {
      "version": "19.0.0",
      "resolved": "https://registry.npmjs.org/react-dom/-/react-dom-19.0.0.tgz",
      "integrity": "sha512-4GV5sHFG0e/0AD4X+ySy6UJd3jVl1iNsNHdpad0qhABJ11twS3TTBnseqsKurKcsNqCEFeGL3uLpVChpIO3QfQ==",
      "license": "MIT",
      "peer": true,
      "dependencies": {
        "scheduler": "^0.25.0"
      },
      "peerDependencies": {
        "react": "^19.0.0"
      }
    },
    "node_modules/react-is": {
      "version": "16.13.1",
      "resolved": "https://registry.npmjs.org/react-is/-/react-is-16.13.1.tgz",
      "integrity": "sha512-24e6ynE2H+OKt4kqsOvNd8kBpV65zoxbA4BVsEOB3ARVWQki/DHzaUoC5KuON/BiccDaCCTZBuOcfZs70kR8bQ==",
      "license": "MIT"
    },
    "node_modules/scheduler": {
      "version": "0.25.0",
      "resolved": "https://registry.npmjs.org/scheduler/-/scheduler-0.25.0.tgz",
      "integrity": "sha512-xFVuu11jh+xcO7JOAGJNOXld8/TcEHK/4CituBUeUb5hqxJLj9YuemAEuvm9gQ/+pgXYfbQuqAkiYu+u7YEsNA==",
      "license": "MIT",
      "peer": true
    }
  }
}
